PODS:
  - Archimedes (1.1)
  - Bolts (1.1.0)
  - CocoaLumberjack (1.6.5.1):
    - CocoaLumberjack/Core
    - CocoaLumberjack/Extensions
  - CocoaLumberjack/Core (1.6.5.1)
  - CocoaLumberjack/Extensions (1.6.5.1):
    - CocoaLumberjack/Core
  - Facebook-iOS-SDK (3.14.0):
    - Bolts
  - FlurrySDK (4.4.0):
    - FlurrySDK/FlurrySDK
  - FlurrySDK/FlurrySDK (4.4.0)
  - Kiwi/ARC (2.2.4)
  - Kiwi/NonARC (2.2.4)
  - Kiwi/XCTest (2.2.4):
    - Kiwi/ARC
    - Kiwi/NonARC
  - Mantle (1.4.1):
    - Mantle/extobjc
  - Mantle/extobjc (1.4.1)
  - PonyDebugger (0.3.1):
    - SocketRocket
  - ReactiveCocoa (2.3):
    - ReactiveCocoa/UI
  - ReactiveCocoa/Core (2.3):
    - ReactiveCocoa/no-arc
  - ReactiveCocoa/no-arc (2.3)
  - ReactiveCocoa/UI (2.3):
    - ReactiveCocoa/Core
  - ReactiveCocoaLayout (0.4):
    - Archimedes
    - ReactiveCocoa (~> 2.0)
  - ReactiveViewModel (0.2):
    - ReactiveCocoa (~> 2.1)
  - RHObjectiveBeagle (1.0.0)
  - SocketRocket (0.3.1-beta2)
  - SVProgressHUD (1.0)
  - TestFlightSDK (2.2.3-beta)
  - UIView+AutoLayout (1.3.0)
  - YapDatabase (2.4.2):
    - YapDatabase/standard
  - YapDatabase/common (2.4.2):
    - CocoaLumberjack (~> 1.6.3)
  - YapDatabase/standard (2.4.2):
    - YapDatabase/common

DEPENDENCIES:
  - Facebook-iOS-SDK (~> 3.14)
  - FlurrySDK (~> 4.3)
  - Kiwi/XCTest
  - Mantle (~> 1.4.1)
  - PonyDebugger
  - ReactiveCocoa (= 2.3)
  - ReactiveCocoaLayout (= 0.4)
  - ReactiveViewModel (= 0.2)
  - RHObjectiveBeagle (from `https://github.com/heardrwt/RHObjectiveBeagle.git`)
  - SVProgressHUD (= 1.0.0)
  - TestFlightSDK (~> 2.1)
  - UIView+AutoLayout (= 1.3)
  - YapDatabase (~> 2.4)

EXTERNAL SOURCES:
  RHObjectiveBeagle:
    :git: https://github.com/heardrwt/RHObjectiveBeagle.git

SPEC CHECKSUMS:
  Archimedes: f2de3a19892908a92c9ad4d23f6776b377f7ed28
  Bolts: 91c2af8eae1d44e1dd75946a5b0ae04a43ea43e4
  CocoaLumberjack: baf4a09a3bcbdfea3363556a90104e026d3504e2
  Facebook-iOS-SDK: 93aae4f3dacd6bad35f419e09889397697b1e20b
  FlurrySDK: abaedafc350afa41b004236b67ae14f7d3748b68
  Kiwi: c73667f2b84cbf36f1a3830267c5a4ae8dcbd8ba
  Mantle: 1ca9c0fa84d3d3fc98524e7229f30489b6dd44e5
  PonyDebugger: 256e19c15c093e15f950f92b1a5017f3feb3c87e
  ReactiveCocoa: 2066583826c17dde8e90c41e489f682048cc57c9
  ReactiveCocoaLayout: 55d636c5c01e4a154173746f2bb9238ac7184f0d
  ReactiveViewModel: 78387196df2e7535bb2776c41df15dbb17300f8a
  RHObjectiveBeagle: b834675014f5db213acdd016608057e1f0231da5
  SocketRocket: 79a68ae186063c65e1fe6f638b1ae2927aa5f304
  SVProgressHUD: 5034c6e22b8c2ca3e09402e48d41ed0340aa1c50
  TestFlightSDK: f713ed33c62f3f22b66634e7caeeb9a3a8d2a3fb
  UIView+AutoLayout: dc24ec6114498617510af759148a05b957af1b38
  YapDatabase: 269e2799fe19c7a517521783b909d11873dcb0c8

COCOAPODS: 0.33.0
