PODS:
  - Bolts (1.1.0)
  - CocoaLumberjack (1.6.5.1):
    - CocoaLumberjack/Core
    - CocoaLumberjack/Extensions
  - CocoaLumberjack/Core (1.6.5.1)
  - CocoaLumberjack/Extensions (1.6.5.1):
    - CocoaLumberjack/Core
  - Facebook-iOS-SDK (3.14.0):
    - Bolts
  - Kiwi/ARC (2.2.4)
  - Kiwi/NonARC (2.2.4)
  - Kiwi/XCTest (2.2.4):
    - Kiwi/ARC
    - Kiwi/NonARC
  - Mantle (1.4.1):
    - Mantle/extobjc
  - Mantle/extobjc (1.4.1)
  - PonyDebugger (0.3.1):
    - SocketRocket
  - ReactiveCocoa (2.3):
    - ReactiveCocoa/UI
  - ReactiveCocoa/Core (2.3):
    - ReactiveCocoa/no-arc
  - ReactiveCocoa/no-arc (2.3)
  - ReactiveCocoa/UI (2.3):
    - ReactiveCocoa/Core
  - ReactiveViewModel (0.2):
    - ReactiveCocoa (~> 2.1)
  - SocketRocket (0.3.1-beta2)
  - TestFlightSDK (3.0.2)
  - TTTAttributedLabel (1.10.0)
  - UIView+AutoLayout (1.3.0)
  - YapDatabase (2.4.2):
    - YapDatabase/standard
  - YapDatabase/common (2.4.2):
    - CocoaLumberjack (~> 1.6.3)
  - YapDatabase/standard (2.4.2):
    - YapDatabase/common

DEPENDENCIES:
  - Facebook-iOS-SDK (~> 3.14)
  - Kiwi/XCTest
  - Mantle (~> 1.4.1)
  - PonyDebugger
  - ReactiveCocoa (= 2.3)
  - ReactiveViewModel (= 0.2)
  - TestFlightSDK (~> 3.0)
  - TTTAttributedLabel (~> 1.10)
  - UIView+AutoLayout (= 1.3)
  - YapDatabase (~> 2.4)

SPEC CHECKSUMS:
  Bolts: 91c2af8eae1d44e1dd75946a5b0ae04a43ea43e4
  CocoaLumberjack: baf4a09a3bcbdfea3363556a90104e026d3504e2
  Facebook-iOS-SDK: 93aae4f3dacd6bad35f419e09889397697b1e20b
  Kiwi: c73667f2b84cbf36f1a3830267c5a4ae8dcbd8ba
  Mantle: 1ca9c0fa84d3d3fc98524e7229f30489b6dd44e5
  PonyDebugger: 256e19c15c093e15f950f92b1a5017f3feb3c87e
  ReactiveCocoa: 2066583826c17dde8e90c41e489f682048cc57c9
  ReactiveViewModel: 78387196df2e7535bb2776c41df15dbb17300f8a
  SocketRocket: 79a68ae186063c65e1fe6f638b1ae2927aa5f304
  TestFlightSDK: 0c24c533748d0d84bfe7a3cb6036fa79124d84ee
  TTTAttributedLabel: c3a11b538bc7beb4815f156e2ba4b066929e13f9
  UIView+AutoLayout: dc24ec6114498617510af759148a05b957af1b38
  YapDatabase: 269e2799fe19c7a517521783b909d11873dcb0c8

COCOAPODS: 0.33.1
