// !$*UTF8*$!
{
	archiveVersion = 1;
	classes = {
	};
	objectVersion = 46;
	objects = {

/* Begin PBXBuildFile section */
		79A5FEB74EBF4E7F9B09D5E9 /* libPods.a in Frameworks */ = {isa = PBXBuildFile; fileRef = 1CFBA6339A044A10A4D3F2B7 /* libPods.a */; };
		83151260191DEF8400331535 /* Foundation.framework in Frameworks */ = {isa = PBXBuildFile; fileRef = 8315125F191DEF8400331535 /* Foundation.framework */; };
		83151262191DEF8400331535 /* CoreGraphics.framework in Frameworks */ = {isa = PBXBuildFile; fileRef = 83151261191DEF8400331535 /* CoreGraphics.framework */; };
		83151264191DEF8400331535 /* UIKit.framework in Frameworks */ = {isa = PBXBuildFile; fileRef = 83151263191DEF8400331535 /* UIKit.framework */; };
		8315126A191DEF8400331535 /* InfoPlist.strings in Resources */ = {isa = PBXBuildFile; fileRef = 83151268191DEF8400331535 /* InfoPlist.strings */; };
		8315126C191DEF8400331535 /* main.m in Sources */ = {isa = PBXBuildFile; fileRef = 8315126B191DEF8400331535 /* main.m */; };
		83151270191DEF8400331535 /* TCSAppDelegate.m in Sources */ = {isa = PBXBuildFile; fileRef = 8315126F191DEF8400331535 /* TCSAppDelegate.m */; };
		83151272191DEF8400331535 /* Images.xcassets in Resources */ = {isa = PBXBuildFile; fileRef = 83151271191DEF8400331535 /* Images.xcassets */; };
		83151279191DEF8400331535 /* XCTest.framework in Frameworks */ = {isa = PBXBuildFile; fileRef = 83151278191DEF8400331535 /* XCTest.framework */; };
		8315127A191DEF8400331535 /* Foundation.framework in Frameworks */ = {isa = PBXBuildFile; fileRef = 8315125F191DEF8400331535 /* Foundation.framework */; };
		8315127B191DEF8400331535 /* UIKit.framework in Frameworks */ = {isa = PBXBuildFile; fileRef = 83151263191DEF8400331535 /* UIKit.framework */; };
		83151283191DEF8400331535 /* InfoPlist.strings in Resources */ = {isa = PBXBuildFile; fileRef = 83151281191DEF8400331535 /* InfoPlist.strings */; };
		8315128F191DF06D00331535 /* Podfile in Resources */ = {isa = PBXBuildFile; fileRef = 8315128E191DF06D00331535 /* Podfile */; };
		83151296191DF0E400331535 /* TCSPostObject.m in Sources */ = {isa = PBXBuildFile; fileRef = 83151295191DF0E400331535 /* TCSPostObject.m */; };
		83151299191DF8E900331535 /* TCSCommentObject.m in Sources */ = {isa = PBXBuildFile; fileRef = 83151298191DF8E900331535 /* TCSCommentObject.m */; };
		8315129F191DFB2500331535 /* TCSUserObject.m in Sources */ = {isa = PBXBuildFile; fileRef = 8315129E191DFB2500331535 /* TCSUserObject.m */; };
		831512A2191E01E000331535 /* TCSPostController.m in Sources */ = {isa = PBXBuildFile; fileRef = 831512A1191E01E000331535 /* TCSPostController.m */; };
		831512A5191EE74B00331535 /* TCSPostsViewController.m in Sources */ = {isa = PBXBuildFile; fileRef = 831512A4191EE74B00331535 /* TCSPostsViewController.m */; };
		831512A8191EE81A00331535 /* TCSViewController.m in Sources */ = {isa = PBXBuildFile; fileRef = 831512A7191EE81A00331535 /* TCSViewController.m */; };
		831512AB191EE97A00331535 /* TCSViewModel.m in Sources */ = {isa = PBXBuildFile; fileRef = 831512AA191EE97A00331535 /* TCSViewModel.m */; };
		831512AF191F1B5F00331535 /* TCSPostsViewModel.m in Sources */ = {isa = PBXBuildFile; fileRef = 831512AE191F1B5F00331535 /* TCSPostsViewModel.m */; };
		831512B3191F1E7100331535 /* NSDate+TCSDateKey.m in Sources */ = {isa = PBXBuildFile; fileRef = 831512B2191F1E7100331535 /* NSDate+TCSDateKey.m */; };
		831512B6191F23FE00331535 /* TCSPostViewModel.m in Sources */ = {isa = PBXBuildFile; fileRef = 831512B5191F23FE00331535 /* TCSPostViewModel.m */; };
		831512B9191F352B00331535 /* TCSPostCell.m in Sources */ = {isa = PBXBuildFile; fileRef = 831512B8191F352B00331535 /* TCSPostCell.m */; };
		831512BB191F3B6300331535 /* TCSExampleTest.m in Sources */ = {isa = PBXBuildFile; fileRef = 831512BA191F3B6300331535 /* TCSExampleTest.m */; };
		831512BE191F418100331535 /* TCSLoginViewController.m in Sources */ = {isa = PBXBuildFile; fileRef = 831512BD191F418100331535 /* TCSLoginViewController.m */; };
		8386AD9E192B222800BBC28D /* TCSGroupSelectViewController.m in Sources */ = {isa = PBXBuildFile; fileRef = 8386AD9D192B222800BBC28D /* TCSGroupSelectViewController.m */; };
		8386ADA1192B237B00BBC28D /* TCSGroupsViewModel.m in Sources */ = {isa = PBXBuildFile; fileRef = 8386ADA0192B237B00BBC28D /* TCSGroupsViewModel.m */; };
		8386ADA4192B238900BBC28D /* TCSGroupViewModel.m in Sources */ = {isa = PBXBuildFile; fileRef = 8386ADA3192B238900BBC28D /* TCSGroupViewModel.m */; };
		8386ADA7192B240900BBC28D /* TCSGroupCell.m in Sources */ = {isa = PBXBuildFile; fileRef = 8386ADA6192B240900BBC28D /* TCSGroupCell.m */; };
		83C453F21925D647006779BB /* TCSGroupObject.m in Sources */ = {isa = PBXBuildFile; fileRef = 83C453F11925D647006779BB /* TCSGroupObject.m */; };
		DCD951E56BE64564BD1CA933 /* libPods-LeagueHopTests.a in Frameworks */ = {isa = PBXBuildFile; fileRef = 47AA04267C264DBF8086AFE9 /* libPods-LeagueHopTests.a */; };
/* End PBXBuildFile section */

/* Begin PBXContainerItemProxy section */
		8315127C191DEF8400331535 /* PBXContainerItemProxy */ = {
			isa = PBXContainerItemProxy;
			containerPortal = 83151254191DEF8300331535 /* Project object */;
			proxyType = 1;
			remoteGlobalIDString = 8315125B191DEF8300331535;
			remoteInfo = LeagueHop;
		};
/* End PBXContainerItemProxy section */

/* Begin PBXFileReference section */
		1CFBA6339A044A10A4D3F2B7 /* libPods.a */ = {isa = PBXFileReference; explicitFileType = archive.ar; includeInIndex = 0; path = libPods.a; sourceTree = BUILT_PRODUCTS_DIR; };
		2D9DB8AA92064CF1B5276FD6 /* Pods-LeagueHopTests.xcconfig */ = {isa = PBXFileReference; includeInIndex = 1; lastKnownFileType = text.xcconfig; name = "Pods-LeagueHopTests.xcconfig"; path = "Pods/Pods-LeagueHopTests.xcconfig"; sourceTree = "<group>"; };
		47AA04267C264DBF8086AFE9 /* libPods-LeagueHopTests.a */ = {isa = PBXFileReference; explicitFileType = archive.ar; includeInIndex = 0; path = "libPods-LeagueHopTests.a"; sourceTree = BUILT_PRODUCTS_DIR; };
		70EE544333E042839530E4A2 /* Pods.xcconfig */ = {isa = PBXFileReference; includeInIndex = 1; lastKnownFileType = text.xcconfig; name = Pods.xcconfig; path = Pods/Pods.xcconfig; sourceTree = "<group>"; };
		8315125C191DEF8400331535 /* LeagueHop.app */ = {isa = PBXFileReference; explicitFileType = wrapper.application; includeInIndex = 0; path = LeagueHop.app; sourceTree = BUILT_PRODUCTS_DIR; };
		8315125F191DEF8400331535 /* Foundation.framework */ = {isa = PBXFileReference; lastKnownFileType = wrapper.framework; name = Foundation.framework; path = System/Library/Frameworks/Foundation.framework; sourceTree = SDKROOT; };
		83151261191DEF8400331535 /* CoreGraphics.framework */ = {isa = PBXFileReference; lastKnownFileType = wrapper.framework; name = CoreGraphics.framework; path = System/Library/Frameworks/CoreGraphics.framework; sourceTree = SDKROOT; };
		83151263191DEF8400331535 /* UIKit.framework */ = {isa = PBXFileReference; lastKnownFileType = wrapper.framework; name = UIKit.framework; path = System/Library/Frameworks/UIKit.framework; sourceTree = SDKROOT; };
		83151267191DEF8400331535 /* LeagueHop-Info.plist */ = {isa = PBXFileReference; lastKnownFileType = text.plist.xml; path = "LeagueHop-Info.plist"; sourceTree = "<group>"; };
		83151269191DEF8400331535 /* en */ = {isa = PBXFileReference; lastKnownFileType = text.plist.strings; name = en; path = en.lproj/InfoPlist.strings; sourceTree = "<group>"; };
		8315126B191DEF8400331535 /* main.m */ = {isa = PBXFileReference; lastKnownFileType = sourcecode.c.objc; path = main.m; sourceTree = "<group>"; };
		8315126D191DEF8400331535 /* LeagueHop-Prefix.pch */ = {isa = PBXFileReference; lastKnownFileType = sourcecode.c.h; path = "LeagueHop-Prefix.pch"; sourceTree = "<group>"; };
		8315126E191DEF8400331535 /* TCSAppDelegate.h */ = {isa = PBXFileReference; lastKnownFileType = sourcecode.c.h; path = TCSAppDelegate.h; sourceTree = "<group>"; };
		8315126F191DEF8400331535 /* TCSAppDelegate.m */ = {isa = PBXFileReference; lastKnownFileType = sourcecode.c.objc; path = TCSAppDelegate.m; sourceTree = "<group>"; };
		83151271191DEF8400331535 /* Images.xcassets */ = {isa = PBXFileReference; lastKnownFileType = folder.assetcatalog; path = Images.xcassets; sourceTree = "<group>"; };
		83151277191DEF8400331535 /* LeagueHopTests.xctest */ = {isa = PBXFileReference; explicitFileType = wrapper.cfbundle; includeInIndex = 0; path = LeagueHopTests.xctest; sourceTree = BUILT_PRODUCTS_DIR; };
		83151278191DEF8400331535 /* XCTest.framework */ = {isa = PBXFileReference; lastKnownFileType = wrapper.framework; name = XCTest.framework; path = Library/Frameworks/XCTest.framework; sourceTree = DEVELOPER_DIR; };
		83151280191DEF8400331535 /* LeagueHopTests-Info.plist */ = {isa = PBXFileReference; lastKnownFileType = text.plist.xml; path = "LeagueHopTests-Info.plist"; sourceTree = "<group>"; };
		83151282191DEF8400331535 /* en */ = {isa = PBXFileReference; lastKnownFileType = text.plist.strings; name = en; path = en.lproj/InfoPlist.strings; sourceTree = "<group>"; };
		8315128E191DF06D00331535 /* Podfile */ = {isa = PBXFileReference; fileEncoding = 4; lastKnownFileType = text; path = Podfile; sourceTree = "<group>"; xcLanguageSpecificationIdentifier = xcode.lang.ruby; };
		83151294191DF0E400331535 /* TCSPostObject.h */ = {isa = PBXFileReference; fileEncoding = 4; lastKnownFileType = sourcecode.c.h; path = TCSPostObject.h; sourceTree = "<group>"; };
		83151295191DF0E400331535 /* TCSPostObject.m */ = {isa = PBXFileReference; fileEncoding = 4; lastKnownFileType = sourcecode.c.objc; path = TCSPostObject.m; sourceTree = "<group>"; };
		83151297191DF8E900331535 /* TCSCommentObject.h */ = {isa = PBXFileReference; fileEncoding = 4; lastKnownFileType = sourcecode.c.h; path = TCSCommentObject.h; sourceTree = "<group>"; };
		83151298191DF8E900331535 /* TCSCommentObject.m */ = {isa = PBXFileReference; fileEncoding = 4; lastKnownFileType = sourcecode.c.objc; path = TCSCommentObject.m; sourceTree = "<group>"; };
		8315129D191DFB2500331535 /* TCSUserObject.h */ = {isa = PBXFileReference; fileEncoding = 4; lastKnownFileType = sourcecode.c.h; path = TCSUserObject.h; sourceTree = "<group>"; };
		8315129E191DFB2500331535 /* TCSUserObject.m */ = {isa = PBXFileReference; fileEncoding = 4; lastKnownFileType = sourcecode.c.objc; path = TCSUserObject.m; sourceTree = "<group>"; };
		831512A0191E01E000331535 /* TCSPostController.h */ = {isa = PBXFileReference; fileEncoding = 4; lastKnownFileType = sourcecode.c.h; path = TCSPostController.h; sourceTree = "<group>"; };
		831512A1191E01E000331535 /* TCSPostController.m */ = {isa = PBXFileReference; fileEncoding = 4; lastKnownFileType = sourcecode.c.objc; path = TCSPostController.m; sourceTree = "<group>"; };
		831512A3191EE74B00331535 /* TCSPostsViewController.h */ = {isa = PBXFileReference; fileEncoding = 4; lastKnownFileType = sourcecode.c.h; path = TCSPostsViewController.h; sourceTree = "<group>"; };
		831512A4191EE74B00331535 /* TCSPostsViewController.m */ = {isa = PBXFileReference; fileEncoding = 4; lastKnownFileType = sourcecode.c.objc; path = TCSPostsViewController.m; sourceTree = "<group>"; };
		831512A6191EE81A00331535 /* TCSViewController.h */ = {isa = PBXFileReference; fileEncoding = 4; lastKnownFileType = sourcecode.c.h; path = TCSViewController.h; sourceTree = "<group>"; };
		831512A7191EE81A00331535 /* TCSViewController.m */ = {isa = PBXFileReference; fileEncoding = 4; lastKnownFileType = sourcecode.c.objc; path = TCSViewController.m; sourceTree = "<group>"; };
		831512A9191EE97A00331535 /* TCSViewModel.h */ = {isa = PBXFileReference; fileEncoding = 4; lastKnownFileType = sourcecode.c.h; path = TCSViewModel.h; sourceTree = "<group>"; };
		831512AA191EE97A00331535 /* TCSViewModel.m */ = {isa = PBXFileReference; fileEncoding = 4; lastKnownFileType = sourcecode.c.objc; path = TCSViewModel.m; sourceTree = "<group>"; };
		831512AC191EEA7100331535 /* TCSViewModel+Protected.h */ = {isa = PBXFileReference; lastKnownFileType = sourcecode.c.h; path = "TCSViewModel+Protected.h"; sourceTree = "<group>"; };
		831512AD191F1B5F00331535 /* TCSPostsViewModel.h */ = {isa = PBXFileReference; fileEncoding = 4; lastKnownFileType = sourcecode.c.h; path = TCSPostsViewModel.h; sourceTree = "<group>"; };
		831512AE191F1B5F00331535 /* TCSPostsViewModel.m */ = {isa = PBXFileReference; fileEncoding = 4; lastKnownFileType = sourcecode.c.objc; path = TCSPostsViewModel.m; sourceTree = "<group>"; };
		831512B1191F1E7100331535 /* NSDate+TCSDateKey.h */ = {isa = PBXFileReference; fileEncoding = 4; lastKnownFileType = sourcecode.c.h; path = "NSDate+TCSDateKey.h"; sourceTree = "<group>"; };
		831512B2191F1E7100331535 /* NSDate+TCSDateKey.m */ = {isa = PBXFileReference; fileEncoding = 4; lastKnownFileType = sourcecode.c.objc; path = "NSDate+TCSDateKey.m"; sourceTree = "<group>"; };
		831512B4191F23FE00331535 /* TCSPostViewModel.h */ = {isa = PBXFileReference; fileEncoding = 4; lastKnownFileType = sourcecode.c.h; path = TCSPostViewModel.h; sourceTree = "<group>"; };
		831512B5191F23FE00331535 /* TCSPostViewModel.m */ = {isa = PBXFileReference; fileEncoding = 4; lastKnownFileType = sourcecode.c.objc; path = TCSPostViewModel.m; sourceTree = "<group>"; };
		831512B7191F352B00331535 /* TCSPostCell.h */ = {isa = PBXFileReference; fileEncoding = 4; lastKnownFileType = sourcecode.c.h; path = TCSPostCell.h; sourceTree = "<group>"; };
		831512B8191F352B00331535 /* TCSPostCell.m */ = {isa = PBXFileReference; fileEncoding = 4; lastKnownFileType = sourcecode.c.objc; path = TCSPostCell.m; sourceTree = "<group>"; };
		831512BA191F3B6300331535 /* TCSExampleTest.m */ = {isa = PBXFileReference; fileEncoding = 4; lastKnownFileType = sourcecode.c.objc; path = TCSExampleTest.m; sourceTree = "<group>"; };
		831512BC191F418100331535 /* TCSLoginViewController.h */ = {isa = PBXFileReference; fileEncoding = 4; lastKnownFileType = sourcecode.c.h; path = TCSLoginViewController.h; sourceTree = "<group>"; };
		831512BD191F418100331535 /* TCSLoginViewController.m */ = {isa = PBXFileReference; fileEncoding = 4; lastKnownFileType = sourcecode.c.objc; path = TCSLoginViewController.m; sourceTree = "<group>"; };
		8386AD9C192B222800BBC28D /* TCSGroupSelectViewController.h */ = {isa = PBXFileReference; fileEncoding = 4; lastKnownFileType = sourcecode.c.h; path = TCSGroupSelectViewController.h; sourceTree = "<group>"; };
		8386AD9D192B222800BBC28D /* TCSGroupSelectViewController.m */ = {isa = PBXFileReference; fileEncoding = 4; lastKnownFileType = sourcecode.c.objc; path = TCSGroupSelectViewController.m; sourceTree = "<group>"; };
		8386AD9F192B237B00BBC28D /* TCSGroupsViewModel.h */ = {isa = PBXFileReference; fileEncoding = 4; lastKnownFileType = sourcecode.c.h; path = TCSGroupsViewModel.h; sourceTree = "<group>"; };
		8386ADA0192B237B00BBC28D /* TCSGroupsViewModel.m */ = {isa = PBXFileReference; fileEncoding = 4; lastKnownFileType = sourcecode.c.objc; path = TCSGroupsViewModel.m; sourceTree = "<group>"; };
		8386ADA2192B238900BBC28D /* TCSGroupViewModel.h */ = {isa = PBXFileReference; fileEncoding = 4; lastKnownFileType = sourcecode.c.h; path = TCSGroupViewModel.h; sourceTree = "<group>"; };
		8386ADA3192B238900BBC28D /* TCSGroupViewModel.m */ = {isa = PBXFileReference; fileEncoding = 4; lastKnownFileType = sourcecode.c.objc; path = TCSGroupViewModel.m; sourceTree = "<group>"; };
		8386ADA5192B240900BBC28D /* TCSGroupCell.h */ = {isa = PBXFileReference; fileEncoding = 4; lastKnownFileType = sourcecode.c.h; path = TCSGroupCell.h; sourceTree = "<group>"; };
		8386ADA6192B240900BBC28D /* TCSGroupCell.m */ = {isa = PBXFileReference; fileEncoding = 4; lastKnownFileType = sourcecode.c.objc; path = TCSGroupCell.m; sourceTree = "<group>"; };
		83C453F01925D647006779BB /* TCSGroupObject.h */ = {isa = PBXFileReference; fileEncoding = 4; lastKnownFileType = sourcecode.c.h; path = TCSGroupObject.h; sourceTree = "<group>"; };
		83C453F11925D647006779BB /* TCSGroupObject.m */ = {isa = PBXFileReference; fileEncoding = 4; lastKnownFileType = sourcecode.c.objc; path = TCSGroupObject.m; sourceTree = "<group>"; };
/* End PBXFileReference section */

/* Begin PBXFrameworksBuildPhase section */
		83151259191DEF8300331535 /* Frameworks */ = {
			isa = PBXFrameworksBuildPhase;
			buildActionMask = 2147483647;
			files = (
				83151262191DEF8400331535 /* CoreGraphics.framework in Frameworks */,
				83151264191DEF8400331535 /* UIKit.framework in Frameworks */,
				83151260191DEF8400331535 /* Foundation.framework in Frameworks */,
				79A5FEB74EBF4E7F9B09D5E9 /* libPods.a in Frameworks */,
			);
			runOnlyForDeploymentPostprocessing = 0;
		};
		83151274191DEF8400331535 /* Frameworks */ = {
			isa = PBXFrameworksBuildPhase;
			buildActionMask = 2147483647;
			files = (
				83151279191DEF8400331535 /* XCTest.framework in Frameworks */,
				8315127B191DEF8400331535 /* UIKit.framework in Frameworks */,
				8315127A191DEF8400331535 /* Foundation.framework in Frameworks */,
				DCD951E56BE64564BD1CA933 /* libPods-LeagueHopTests.a in Frameworks */,
			);
			runOnlyForDeploymentPostprocessing = 0;
		};
/* End PBXFrameworksBuildPhase section */

/* Begin PBXGroup section */
		83151253191DEF8300331535 = {
			isa = PBXGroup;
			children = (
				83151265191DEF8400331535 /* LeagueHop */,
				8315127E191DEF8400331535 /* LeagueHopTests */,
				8315125E191DEF8400331535 /* Frameworks */,
				8315125D191DEF8400331535 /* Products */,
				8315128E191DF06D00331535 /* Podfile */,
				70EE544333E042839530E4A2 /* Pods.xcconfig */,
				2D9DB8AA92064CF1B5276FD6 /* Pods-LeagueHopTests.xcconfig */,
			);
			sourceTree = "<group>";
		};
		8315125D191DEF8400331535 /* Products */ = {
			isa = PBXGroup;
			children = (
				8315125C191DEF8400331535 /* LeagueHop.app */,
				83151277191DEF8400331535 /* LeagueHopTests.xctest */,
			);
			name = Products;
			sourceTree = "<group>";
		};
		8315125E191DEF8400331535 /* Frameworks */ = {
			isa = PBXGroup;
			children = (
				8315125F191DEF8400331535 /* Foundation.framework */,
				83151261191DEF8400331535 /* CoreGraphics.framework */,
				83151263191DEF8400331535 /* UIKit.framework */,
				83151278191DEF8400331535 /* XCTest.framework */,
				1CFBA6339A044A10A4D3F2B7 /* libPods.a */,
				47AA04267C264DBF8086AFE9 /* libPods-LeagueHopTests.a */,
			);
			name = Frameworks;
			sourceTree = "<group>";
		};
		83151265191DEF8400331535 /* LeagueHop */ = {
			isa = PBXGroup;
			children = (
				8315126E191DEF8400331535 /* TCSAppDelegate.h */,
				8315126F191DEF8400331535 /* TCSAppDelegate.m */,
				83151290191DF07A00331535 /* Views */,
				83151291191DF08200331535 /* View Models */,
				83151292191DF08C00331535 /* Controllers */,
				83151293191DF09600331535 /* Models */,
				831512B0191F1E2B00331535 /* Helpers */,
				83151271191DEF8400331535 /* Images.xcassets */,
				83151266191DEF8400331535 /* Supporting Files */,
			);
			path = LeagueHop;
			sourceTree = "<group>";
		};
		83151266191DEF8400331535 /* Supporting Files */ = {
			isa = PBXGroup;
			children = (
				83151267191DEF8400331535 /* LeagueHop-Info.plist */,
				83151268191DEF8400331535 /* InfoPlist.strings */,
				8315126B191DEF8400331535 /* main.m */,
				8315126D191DEF8400331535 /* LeagueHop-Prefix.pch */,
			);
			name = "Supporting Files";
			sourceTree = "<group>";
		};
		8315127E191DEF8400331535 /* LeagueHopTests */ = {
			isa = PBXGroup;
			children = (
				831512BA191F3B6300331535 /* TCSExampleTest.m */,
				8315127F191DEF8400331535 /* Supporting Files */,
			);
			path = LeagueHopTests;
			sourceTree = "<group>";
		};
		8315127F191DEF8400331535 /* Supporting Files */ = {
			isa = PBXGroup;
			children = (
				83151280191DEF8400331535 /* LeagueHopTests-Info.plist */,
				83151281191DEF8400331535 /* InfoPlist.strings */,
			);
			name = "Supporting Files";
			sourceTree = "<group>";
		};
		83151290191DF07A00331535 /* Views */ = {
			isa = PBXGroup;
			children = (
				831512A6191EE81A00331535 /* TCSViewController.h */,
				831512A7191EE81A00331535 /* TCSViewController.m */,
				831512BC191F418100331535 /* TCSLoginViewController.h */,
				831512BD191F418100331535 /* TCSLoginViewController.m */,
				8386AD9C192B222800BBC28D /* TCSGroupSelectViewController.h */,
				8386AD9D192B222800BBC28D /* TCSGroupSelectViewController.m */,
				8386ADA5192B240900BBC28D /* TCSGroupCell.h */,
				8386ADA6192B240900BBC28D /* TCSGroupCell.m */,
				831512A3191EE74B00331535 /* TCSPostsViewController.h */,
				831512A4191EE74B00331535 /* TCSPostsViewController.m */,
				831512B7191F352B00331535 /* TCSPostCell.h */,
				831512B8191F352B00331535 /* TCSPostCell.m */,
			);
			name = Views;
			sourceTree = "<group>";
		};
		83151291191DF08200331535 /* View Models */ = {
			isa = PBXGroup;
			children = (
				831512A9191EE97A00331535 /* TCSViewModel.h */,
				831512AC191EEA7100331535 /* TCSViewModel+Protected.h */,
				831512AA191EE97A00331535 /* TCSViewModel.m */,
				8386AD9F192B237B00BBC28D /* TCSGroupsViewModel.h */,
				8386ADA0192B237B00BBC28D /* TCSGroupsViewModel.m */,
				8386ADA2192B238900BBC28D /* TCSGroupViewModel.h */,
				8386ADA3192B238900BBC28D /* TCSGroupViewModel.m */,
				831512AD191F1B5F00331535 /* TCSPostsViewModel.h */,
				831512AE191F1B5F00331535 /* TCSPostsViewModel.m */,
				831512B4191F23FE00331535 /* TCSPostViewModel.h */,
				831512B5191F23FE00331535 /* TCSPostViewModel.m */,
			);
			name = "View Models";
			sourceTree = "<group>";
		};
		83151292191DF08C00331535 /* Controllers */ = {
			isa = PBXGroup;
			children = (
				831512A0191E01E000331535 /* TCSPostController.h */,
				831512A1191E01E000331535 /* TCSPostController.m */,
			);
			name = Controllers;
			sourceTree = "<group>";
		};
		83151293191DF09600331535 /* Models */ = {
			isa = PBXGroup;
			children = (
				83151294191DF0E400331535 /* TCSPostObject.h */,
				83151295191DF0E400331535 /* TCSPostObject.m */,
				83151297191DF8E900331535 /* TCSCommentObject.h */,
				83151298191DF8E900331535 /* TCSCommentObject.m */,
				8315129D191DFB2500331535 /* TCSUserObject.h */,
				8315129E191DFB2500331535 /* TCSUserObject.m */,
				83C453F01925D647006779BB /* TCSGroupObject.h */,
				83C453F11925D647006779BB /* TCSGroupObject.m */,
			);
			name = Models;
			sourceTree = "<group>";
		};
		831512B0191F1E2B00331535 /* Helpers */ = {
			isa = PBXGroup;
			children = (
				831512B1191F1E7100331535 /* NSDate+TCSDateKey.h */,
				831512B2191F1E7100331535 /* NSDate+TCSDateKey.m */,
			);
			name = Helpers;
			sourceTree = "<group>";
		};
/* End PBXGroup section */

/* Begin PBXNativeTarget section */
		8315125B191DEF8300331535 /* LeagueHop */ = {
			isa = PBXNativeTarget;
			buildConfigurationList = 83151288191DEF8400331535 /* Build configuration list for PBXNativeTarget "LeagueHop" */;
			buildPhases = (
				2CF2474F708B468AA398F3AF /* Check Pods Manifest.lock */,
				83151258191DEF8300331535 /* Sources */,
				83151259191DEF8300331535 /* Frameworks */,
				8315125A191DEF8300331535 /* Resources */,
				38956DB4CA8C48CF9DBA8F0E /* Copy Pods Resources */,
			);
			buildRules = (
			);
			dependencies = (
			);
			name = LeagueHop;
			productName = LeagueHop;
			productReference = 8315125C191DEF8400331535 /* LeagueHop.app */;
			productType = "com.apple.product-type.application";
		};
		83151276191DEF8400331535 /* LeagueHopTests */ = {
			isa = PBXNativeTarget;
			buildConfigurationList = 8315128B191DEF8400331535 /* Build configuration list for PBXNativeTarget "LeagueHopTests" */;
			buildPhases = (
				FB38C1F13A674B0FB14F2F9E /* Check Pods Manifest.lock */,
				83151273191DEF8400331535 /* Sources */,
				83151274191DEF8400331535 /* Frameworks */,
				83151275191DEF8400331535 /* Resources */,
				B1C4AD44A8364761BD537F71 /* Copy Pods Resources */,
			);
			buildRules = (
			);
			dependencies = (
				8315127D191DEF8400331535 /* PBXTargetDependency */,
			);
			name = LeagueHopTests;
			productName = LeagueHopTests;
			productReference = 83151277191DEF8400331535 /* LeagueHopTests.xctest */;
			productType = "com.apple.product-type.bundle.unit-test";
		};
/* End PBXNativeTarget section */

/* Begin PBXProject section */
		83151254191DEF8300331535 /* Project object */ = {
			isa = PBXProject;
			attributes = {
				CLASSPREFIX = TCS;
				LastUpgradeCheck = 0510;
				ORGANIZATIONNAME = TwoCentStudios;
				TargetAttributes = {
					83151276191DEF8400331535 = {
						TestTargetID = 8315125B191DEF8300331535;
					};
				};
			};
			buildConfigurationList = 83151257191DEF8300331535 /* Build configuration list for PBXProject "LeagueHop" */;
			compatibilityVersion = "Xcode 3.2";
			developmentRegion = English;
			hasScannedForEncodings = 0;
			knownRegions = (
				en,
			);
			mainGroup = 83151253191DEF8300331535;
			productRefGroup = 8315125D191DEF8400331535 /* Products */;
			projectDirPath = "";
			projectRoot = "";
			targets = (
				8315125B191DEF8300331535 /* LeagueHop */,
				83151276191DEF8400331535 /* LeagueHopTests */,
			);
		};
/* End PBXProject section */

/* Begin PBXResourcesBuildPhase section */
		8315125A191DEF8300331535 /* Resources */ = {
			isa = PBXResourcesBuildPhase;
			buildActionMask = 2147483647;
			files = (
				8315128F191DF06D00331535 /* Podfile in Resources */,
				8315126A191DEF8400331535 /* InfoPlist.strings in Resources */,
				83151272191DEF8400331535 /* Images.xcassets in Resources */,
			);
			runOnlyForDeploymentPostprocessing = 0;
		};
		83151275191DEF8400331535 /* Resources */ = {
			isa = PBXResourcesBuildPhase;
			buildActionMask = 2147483647;
			files = (
				83151283191DEF8400331535 /* InfoPlist.strings in Resources */,
			);
			runOnlyForDeploymentPostprocessing = 0;
		};
/* End PBXResourcesBuildPhase section */

/* Begin PBXShellScriptBuildPhase section */
		2CF2474F708B468AA398F3AF /* Check Pods Manifest.lock */ = {
			isa = PBXShellScriptBuildPhase;
			buildActionMask = 2147483647;
			files = (
			);
			inputPaths = (
			);
			name = "Check Pods Manifest.lock";
			outputPaths = (
			);
			runOnlyForDeploymentPostprocessing = 0;
			shellPath = /bin/sh;
			shellScript = "diff \"${PODS_ROOT}/../Podfile.lock\" \"${PODS_ROOT}/Manifest.lock\" > /dev/null\nif [[ $? != 0 ]] ; then\n    cat << EOM\nerror: The sandbox is not in sync with the Podfile.lock. Run 'pod install' or update your CocoaPods installation.\nEOM\n    exit 1\nfi\n";
			showEnvVarsInLog = 0;
		};
		38956DB4CA8C48CF9DBA8F0E /* Copy Pods Resources */ = {
			isa = PBXShellScriptBuildPhase;
			buildActionMask = 2147483647;
			files = (
			);
			inputPaths = (
			);
			name = "Copy Pods Resources";
			outputPaths = (
			);
			runOnlyForDeploymentPostprocessing = 0;
			shellPath = /bin/sh;
			shellScript = "\"${SRCROOT}/Pods/Pods-resources.sh\"\n";
			showEnvVarsInLog = 0;
		};
		B1C4AD44A8364761BD537F71 /* Copy Pods Resources */ = {
			isa = PBXShellScriptBuildPhase;
			buildActionMask = 2147483647;
			files = (
			);
			inputPaths = (
			);
			name = "Copy Pods Resources";
			outputPaths = (
			);
			runOnlyForDeploymentPostprocessing = 0;
			shellPath = /bin/sh;
			shellScript = "\"${SRCROOT}/Pods/Pods-LeagueHopTests-resources.sh\"\n";
			showEnvVarsInLog = 0;
		};
		FB38C1F13A674B0FB14F2F9E /* Check Pods Manifest.lock */ = {
			isa = PBXShellScriptBuildPhase;
			buildActionMask = 2147483647;
			files = (
			);
			inputPaths = (
			);
			name = "Check Pods Manifest.lock";
			outputPaths = (
			);
			runOnlyForDeploymentPostprocessing = 0;
			shellPath = /bin/sh;
			shellScript = "diff \"${PODS_ROOT}/../Podfile.lock\" \"${PODS_ROOT}/Manifest.lock\" > /dev/null\nif [[ $? != 0 ]] ; then\n    cat << EOM\nerror: The sandbox is not in sync with the Podfile.lock. Run 'pod install' or update your CocoaPods installation.\nEOM\n    exit 1\nfi\n";
			showEnvVarsInLog = 0;
		};
/* End PBXShellScriptBuildPhase section */

/* Begin PBXSourcesBuildPhase section */
		83151258191DEF8300331535 /* Sources */ = {
			isa = PBXSourcesBuildPhase;
			buildActionMask = 2147483647;
			files = (
				831512B3191F1E7100331535 /* NSDate+TCSDateKey.m in Sources */,
				8315126C191DEF8400331535 /* main.m in Sources */,
				831512AF191F1B5F00331535 /* TCSPostsViewModel.m in Sources */,
				83151299191DF8E900331535 /* TCSCommentObject.m in Sources */,
				83C453F21925D647006779BB /* TCSGroupObject.m in Sources */,
				83151296191DF0E400331535 /* TCSPostObject.m in Sources */,
				8386ADA7192B240900BBC28D /* TCSGroupCell.m in Sources */,
				831512B6191F23FE00331535 /* TCSPostViewModel.m in Sources */,
				8315129F191DFB2500331535 /* TCSUserObject.m in Sources */,
				831512A2191E01E000331535 /* TCSPostController.m in Sources */,
				831512AB191EE97A00331535 /* TCSViewModel.m in Sources */,
				83151270191DEF8400331535 /* TCSAppDelegate.m in Sources */,
				831512A5191EE74B00331535 /* TCSPostsViewController.m in Sources */,
				831512BE191F418100331535 /* TCSLoginViewController.m in Sources */,
				8386ADA4192B238900BBC28D /* TCSGroupViewModel.m in Sources */,
				8386ADA1192B237B00BBC28D /* TCSGroupsViewModel.m in Sources */,
				831512B9191F352B00331535 /* TCSPostCell.m in Sources */,
				831512A8191EE81A00331535 /* TCSViewController.m in Sources */,
				8386AD9E192B222800BBC28D /* TCSGroupSelectViewController.m in Sources */,
			);
			runOnlyForDeploymentPostprocessing = 0;
		};
		83151273191DEF8400331535 /* Sources */ = {
			isa = PBXSourcesBuildPhase;
			buildActionMask = 2147483647;
			files = (
				831512BB191F3B6300331535 /* TCSExampleTest.m in Sources */,
			);
			runOnlyForDeploymentPostprocessing = 0;
		};
/* End PBXSourcesBuildPhase section */

/* Begin PBXTargetDependency section */
		8315127D191DEF8400331535 /* PBXTargetDependency */ = {
			isa = PBXTargetDependency;
			target = 8315125B191DEF8300331535 /* LeagueHop */;
			targetProxy = 8315127C191DEF8400331535 /* PBXContainerItemProxy */;
		};
/* End PBXTargetDependency section */

/* Begin PBXVariantGroup section */
		83151268191DEF8400331535 /* InfoPlist.strings */ = {
			isa = PBXVariantGroup;
			children = (
				83151269191DEF8400331535 /* en */,
			);
			name = InfoPlist.strings;
			sourceTree = "<group>";
		};
		83151281191DEF8400331535 /* InfoPlist.strings */ = {
			isa = PBXVariantGroup;
			children = (
				83151282191DEF8400331535 /* en */,
			);
			name = InfoPlist.strings;
			sourceTree = "<group>";
		};
/* End PBXVariantGroup section */

/* Begin XCBuildConfiguration section */
		83151286191DEF8400331535 /* Debug */ = {
			isa = XCBuildConfiguration;
			buildSettings = {
				ALWAYS_SEARCH_USER_PATHS = NO;
				CLANG_CXX_LANGUAGE_STANDARD = "gnu++0x";
				CLANG_CXX_LIBRARY = "libc++";
				CLANG_ENABLE_MODULES = YES;
				CLANG_ENABLE_OBJC_ARC = YES;
				CLANG_WARN_BOOL_CONVERSION = YES;
				CLANG_WARN_CONSTANT_CONVERSION = YES;
				CLANG_WARN_DIRECT_OBJC_ISA_USAGE = YES_ERROR;
				CLANG_WARN_EMPTY_BODY = YES;
				CLANG_WARN_ENUM_CONVERSION = YES;
				CLANG_WARN_INT_CONVERSION = YES;
				CLANG_WARN_OBJC_ROOT_CLASS = YES_ERROR;
				CLANG_WARN__DUPLICATE_METHOD_MATCH = YES;
				"CODE_SIGN_IDENTITY[sdk=iphoneos*]" = "iPhone Developer";
				COPY_PHASE_STRIP = NO;
				GCC_C_LANGUAGE_STANDARD = gnu99;
				GCC_DYNAMIC_NO_PIC = NO;
				GCC_OPTIMIZATION_LEVEL = 0;
				GCC_PREPROCESSOR_DEFINITIONS = (
					"DEBUG=1",
					"$(inherited)",
				);
				GCC_SYMBOLS_PRIVATE_EXTERN = NO;
				GCC_WARN_64_TO_32_BIT_CONVERSION = YES;
				GCC_WARN_ABOUT_RETURN_TYPE = YES_ERROR;
				GCC_WARN_UNDECLARED_SELECTOR = YES;
				GCC_WARN_UNINITIALIZED_AUTOS = YES_AGGRESSIVE;
				GCC_WARN_UNUSED_FUNCTION = YES;
				GCC_WARN_UNUSED_VARIABLE = YES;
				IPHONEOS_DEPLOYMENT_TARGET = 7.1;
				ONLY_ACTIVE_ARCH = YES;
				SDKROOT = iphoneos;
			};
			name = Debug;
		};
		83151287191DEF8400331535 /* Release */ = {
			isa = XCBuildConfiguration;
			buildSettings = {
				ALWAYS_SEARCH_USER_PATHS = NO;
				CLANG_CXX_LANGUAGE_STANDARD = "gnu++0x";
				CLANG_CXX_LIBRARY = "libc++";
				CLANG_ENABLE_MODULES = YES;
				CLANG_ENABLE_OBJC_ARC = YES;
				CLANG_WARN_BOOL_CONVERSION = YES;
				CLANG_WARN_CONSTANT_CONVERSION = YES;
				CLANG_WARN_DIRECT_OBJC_ISA_USAGE = YES_ERROR;
				CLANG_WARN_EMPTY_BODY = YES;
				CLANG_WARN_ENUM_CONVERSION = YES;
				CLANG_WARN_INT_CONVERSION = YES;
				CLANG_WARN_OBJC_ROOT_CLASS = YES_ERROR;
				CLANG_WARN__DUPLICATE_METHOD_MATCH = YES;
				"CODE_SIGN_IDENTITY[sdk=iphoneos*]" = "iPhone Developer";
				COPY_PHASE_STRIP = YES;
				ENABLE_NS_ASSERTIONS = NO;
				GCC_C_LANGUAGE_STANDARD = gnu99;
				GCC_WARN_64_TO_32_BIT_CONVERSION = YES;
				GCC_WARN_ABOUT_RETURN_TYPE = YES_ERROR;
				GCC_WARN_UNDECLARED_SELECTOR = YES;
				GCC_WARN_UNINITIALIZED_AUTOS = YES_AGGRESSIVE;
				GCC_WARN_UNUSED_FUNCTION = YES;
				GCC_WARN_UNUSED_VARIABLE = YES;
				IPHONEOS_DEPLOYMENT_TARGET = 7.1;
				SDKROOT = iphoneos;
				VALIDATE_PRODUCT = YES;
			};
			name = Release;
		};
		83151289191DEF8400331535 /* Debug */ = {
			isa = XCBuildConfiguration;
			baseConfigurationReference = 70EE544333E042839530E4A2 /* Pods.xcconfig */;
			buildSettings = {
				ASSETCATALOG_COMPILER_APPICON_NAME = AppIcon;
				ASSETCATALOG_COMPILER_LAUNCHIMAGE_NAME = LaunchImage;
				GCC_PRECOMPILE_PREFIX_HEADER = YES;
				GCC_PREFIX_HEADER = "LeagueHop/LeagueHop-Prefix.pch";
				INFOPLIST_FILE = "LeagueHop/LeagueHop-Info.plist";
				PRODUCT_NAME = "$(TARGET_NAME)";
				WRAPPER_EXTENSION = app;
			};
			name = Debug;
		};
		8315128A191DEF8400331535 /* Release */ = {
			isa = XCBuildConfiguration;
			baseConfigurationReference = 70EE544333E042839530E4A2 /* Pods.xcconfig */;
			buildSettings = {
				ASSETCATALOG_COMPILER_APPICON_NAME = AppIcon;
				ASSETCATALOG_COMPILER_LAUNCHIMAGE_NAME = LaunchImage;
				GCC_PRECOMPILE_PREFIX_HEADER = YES;
				GCC_PREFIX_HEADER = "LeagueHop/LeagueHop-Prefix.pch";
				INFOPLIST_FILE = "LeagueHop/LeagueHop-Info.plist";
				PRODUCT_NAME = "$(TARGET_NAME)";
				WRAPPER_EXTENSION = app;
			};
			name = Release;
		};
		8315128C191DEF8400331535 /* Debug */ = {
			isa = XCBuildConfiguration;
			baseConfigurationReference = 2D9DB8AA92064CF1B5276FD6 /* Pods-LeagueHopTests.xcconfig */;
			buildSettings = {
				BUNDLE_LOADER = "$(BUILT_PRODUCTS_DIR)/LeagueHop.app/LeagueHop";
				FRAMEWORK_SEARCH_PATHS = (
					"$(SDKROOT)/Developer/Library/Frameworks",
					"$(inherited)",
					"$(DEVELOPER_FRAMEWORKS_DIR)",
				);
				GCC_PRECOMPILE_PREFIX_HEADER = YES;
				GCC_PREFIX_HEADER = "LeagueHop/LeagueHop-Prefix.pch";
				GCC_PREPROCESSOR_DEFINITIONS = (
					"DEBUG=1",
					"$(inherited)",
				);
				INFOPLIST_FILE = "LeagueHopTests/LeagueHopTests-Info.plist";
				PRODUCT_NAME = "$(TARGET_NAME)";
				TEST_HOST = "$(BUNDLE_LOADER)";
				WRAPPER_EXTENSION = xctest;
			};
			name = Debug;
		};
		8315128D191DEF8400331535 /* Release */ = {
			isa = XCBuildConfiguration;
			baseConfigurationReference = 2D9DB8AA92064CF1B5276FD6 /* Pods-LeagueHopTests.xcconfig */;
			buildSettings = {
				BUNDLE_LOADER = "$(BUILT_PRODUCTS_DIR)/LeagueHop.app/LeagueHop";
				FRAMEWORK_SEARCH_PATHS = (
					"$(SDKROOT)/Developer/Library/Frameworks",
					"$(inherited)",
					"$(DEVELOPER_FRAMEWORKS_DIR)",
				);
				GCC_PRECOMPILE_PREFIX_HEADER = YES;
				GCC_PREFIX_HEADER = "LeagueHop/LeagueHop-Prefix.pch";
				INFOPLIST_FILE = "LeagueHopTests/LeagueHopTests-Info.plist";
				PRODUCT_NAME = "$(TARGET_NAME)";
				TEST_HOST = "$(BUNDLE_LOADER)";
				WRAPPER_EXTENSION = xctest;
			};
			name = Release;
		};
/* End XCBuildConfiguration section */

/* Begin XCConfigurationList section */
		83151257191DEF8300331535 /* Build configuration list for PBXProject "LeagueHop" */ = {
			isa = XCConfigurationList;
			buildConfigurations = (
				83151286191DEF8400331535 /* Debug */,
				83151287191DEF8400331535 /* Release */,
			);
			defaultConfigurationIsVisible = 0;
			defaultConfigurationName = Release;
		};
		83151288191DEF8400331535 /* Build configuration list for PBXNativeTarget "LeagueHop" */ = {
			isa = XCConfigurationList;
			buildConfigurations = (
				83151289191DEF8400331535 /* Debug */,
				8315128A191DEF8400331535 /* Release */,
			);
			defaultConfigurationIsVisible = 0;
			defaultConfigurationName = Release;
		};
		8315128B191DEF8400331535 /* Build configuration list for PBXNativeTarget "LeagueHopTests" */ = {
			isa = XCConfigurationList;
			buildConfigurations = (
				8315128C191DEF8400331535 /* Debug */,
				8315128D191DEF8400331535 /* Release */,
			);
			defaultConfigurationIsVisible = 0;
			defaultConfigurationName = Release;
		};
/* End XCConfigurationList section */
	};
	rootObject = 83151254191DEF8300331535 /* Project object */;
}
